
Microsoft Visual Studio Solution File, Format Version 12.00
# Visual Studio Version 17
VisualStudioVersion = 17.8.34316.72
MinimumVisualStudioVersion = 10.0.40219.1
Project("{9A19103F-16F7-4668-BE54-9A1E7A4F7556}") = "ToyStudio.Core", "ToyStudio.Core\ToyStudio.Core.csproj", "{781A1B75-7472-4D95-AD4F-72506E5E4381}"
EndProject
Project("{9A19103F-16F7-4668-BE54-9A1E7A4F7556}") = "ToyStudio.GUI", "ToyStudio.GUI\ToyStudio.GUI.csproj", "{F54F559F-9641-4673-98C2-E212BA56E0EB}"
EndProject
Project("{9A19103F-16F7-4668-BE54-9A1E7A4F7556}") = "EditorToolkit", "EditorToolkit\EditorToolkit.csproj", "{4AAE9A12-7486-4303-884E-B90F1E141206}"
EndProject
Global
	GlobalSection(SolutionConfigurationPlatforms) = preSolution
		Debug|Any CPU = Debug|Any CPU
		Release|Any CPU = Release|Any CPU
	EndGlobalSection
	GlobalSection(ProjectConfigurationPlatforms) = postSolution
		{781A1B75-7472-4D95-AD4F-72506E5E4381}.Debug|Any CPU.ActiveCfg = Debug|Any CPU
		{781A1B75-7472-4D95-AD4F-72506E5E4381}.Debug|Any CPU.Build.0 = Debug|Any CPU
		{781A1B75-7472-4D95-AD4F-72506E5E4381}.Release|Any CPU.ActiveCfg = Release|Any CPU
		{781A1B75-7472-4D95-AD4F-72506E5E4381}.Release|Any CPU.Build.0 = Release|Any CPU
		{F54F559F-9641-4673-98C2-E212BA56E0EB}.Debug|Any CPU.ActiveCfg = Debug|Any CPU
		{F54F559F-9641-4673-98C2-E212BA56E0EB}.Debug|Any CPU.Build.0 = Debug|Any CPU
		{F54F559F-9641-4673-98C2-E212BA56E0EB}.Release|Any CPU.ActiveCfg = Release|Any CPU
		{F54F559F-9641-4673-98C2-E212BA56E0EB}.Release|Any CPU.Build.0 = Release|Any CPU
		{4AAE9A12-7486-4303-884E-B90F1E141206}.Debug|Any CPU.ActiveCfg = Debug|Any CPU
		{4AAE9A12-7486-4303-884E-B90F1E141206}.Debug|Any CPU.Build.0 = Debug|Any CPU
		{4AAE9A12-7486-4303-884E-B90F1E141206}.Release|Any CPU.ActiveCfg = Release|Any CPU
		{4AAE9A12-7486-4303-884E-B90F1E141206}.Release|Any CPU.Build.0 = Release|Any CPU
	EndGlobalSection
	GlobalSection(SolutionProperties) = preSolution
		HideSolutionNode = FALSE
	EndGlobalSection
	GlobalSection(ExtensibilityGlobals) = postSolution
		SolutionGuid = {13DCC9F8-6C7E-4119-A010-65B737084E81}
	EndGlobalSection
EndGlobal
